
Microsoft Visual Studio Solution File, Format Version 12.00
# Visual Studio Version 17
VisualStudioVersion = 17.12.35527.113 d17.12
MinimumVisualStudioVersion = 10.0.40219.1
Project("{FAE04EC0-301F-11D3-BF4B-00C04F79EFBC}") = "ConsoleApp1", "ConsoleApp1\ConsoleApp1.csproj", "{350A7722-8041-46C4-A357-9A08123E9D14}"
EndProject
Project("{FAE04EC0-301F-11D3-BF4B-00C04F79EFBC}") = "assigment", "assigment\assigment.csproj", "{B3325532-88FF-4EFB-823E-8327118458A2}"
EndProject
Global
	GlobalSection(SolutionConfigurationPlatforms) = preSolution
		Debug|Any CPU = Debug|Any CPU
		Release|Any CPU = Release|Any CPU
	EndGlobalSection
	GlobalSection(ProjectConfigurationPlatforms) = postSolution
		{350A7722-8041-46C4-A357-9A08123E9D14}.Debug|Any CPU.ActiveCfg = Debug|Any CPU
		{350A7722-8041-46C4-A357-9A08123E9D14}.Debug|Any CPU.Build.0 = Debug|Any CPU
		{350A7722-8041-46C4-A357-9A08123E9D14}.Release|Any CPU.ActiveCfg = Release|Any CPU
		{350A7722-8041-46C4-A357-9A08123E9D14}.Release|Any CPU.Build.0 = Release|Any CPU
		{B3325532-88FF-4EFB-823E-8327118458A2}.Debug|Any CPU.ActiveCfg = Debug|Any CPU
		{B3325532-88FF-4EFB-823E-8327118458A2}.Debug|Any CPU.Build.0 = Debug|Any CPU
		{B3325532-88FF-4EFB-823E-8327118458A2}.Release|Any CPU.ActiveCfg = Release|Any CPU
		{B3325532-88FF-4EFB-823E-8327118458A2}.Release|Any CPU.Build.0 = Release|Any CPU
	EndGlobalSection
	GlobalSection(SolutionProperties) = preSolution
		HideSolutionNode = FALSE
	EndGlobalSection
EndGlobal
